{
  "name": "Webpack",
  "version": "1.0.0",
  "lockfileVersion": 1,
  "requires": true,
  "dependencies": {
    "colorette": {
      "version": "1.4.0",
      "resolved": "https://registry.nlark.com/colorette/download/colorette-1.4.0.tgz?cache=0&sync_timestamp=1631964937138&other_urls=https%3A%2F%2Fregistry.nlark.com%2Fcolorette%2Fdownload%2Fcolorette-1.4.0.tgz",
      "integrity": "sha1-UZD7uHJ2JZqGrXAL/yxtb6o/ykA=",
      "dev": true
    },
    "copy-anything": {
      "version": "2.0.3",
      "resolved": "https://registry.nlark.com/copy-anything/download/copy-anything-2.0.3.tgz",
      "integrity": "sha1-hCQHugJGaw34RIGbvjuuu+XUXYc=",
      "dev": true,
      "requires": {
        "is-what": "^3.12.0"
      }
    },
    "css-loader": {
      "version": "6.3.0",
      "resolved": "https://registry.nlark.com/css-loader/download/css-loader-6.3.0.tgz?cache=0&sync_timestamp=1631991982814&other_urls=https%3A%2F%2Fregistry.nlark.com%2Fcss-loader%2Fdownload%2Fcss-loader-6.3.0.tgz",
      "integrity": "sha1-M001AP8KDBTPvUsGcAiNu1tcFTA=",
      "dev": true,
      "requires": {
        "icss-utils": "^5.1.0",
        "postcss": "^8.2.15",
        "postcss-modules-extract-imports": "^3.0.0",
        "postcss-modules-local-by-default": "^4.0.0",
        "postcss-modules-scope": "^3.0.0",
        "postcss-modules-values": "^4.0.0",
        "postcss-value-parser": "^4.1.0",
        "semver": "^7.3.5"
      }
    },
    "cssesc": {
      "version": "3.0.0",
      "resolved": "https://registry.nlark.com/cssesc/download/cssesc-3.0.0.tgz",
      "integrity": "sha1-N3QZGZA7hoVl4cCep0dEXNGJg+4=",
      "dev": true
    },
    "debug": {
      "version": "3.2.7",
      "resolved": "https://registry.nlark.com/debug/download/debug-3.2.7.tgz?cache=0&sync_timestamp=1625374648057&other_urls=https%3A%2F%2Fregistry.nlark.com%2Fdebug%2Fdownload%2Fdebug-3.2.7.tgz",
      "integrity": "sha1-clgLfpFF+zm2Z2+cXl+xALk0F5o=",
      "dev": true,
      "optional": true,
      "requires": {
        "ms": "^2.1.1"
      }
    },
    "errno": {
      "version": "0.1.8",
      "resolved": "https://registry.nlark.com/errno/download/errno-0.1.8.tgz",
      "integrity": "sha1-i7Ppx9Rjvkl2/4iPdrSAnrwugR8=",
      "dev": true,
      "optional": true,
      "requires": {
        "prr": "~1.0.1"
      }
    },
    "graceful-fs": {
      "version": "4.2.8",
      "resolved": "https://registry.nlark.com/graceful-fs/download/graceful-fs-4.2.8.tgz?cache=0&other_urls=https%3A%2F%2Fregistry.nlark.com%2Fgraceful-fs%2Fdownload%2Fgraceful-fs-4.2.8.tgz",
      "integrity": "sha1-5BK40z9eAGWTy9PO5t+fLOu+gCo=",
      "dev": true,
      "optional": true
    },
    "iconv-lite": {
      "version": "0.4.24",
      "resolved": "https://registry.nlark.com/iconv-lite/download/iconv-lite-0.4.24.tgz?cache=0&sync_timestamp=1621826342262&other_urls=https%3A%2F%2Fregistry.nlark.com%2Ficonv-lite%2Fdownload%2Ficonv-lite-0.4.24.tgz",
      "integrity": "sha1-ICK0sl+93CHS9SSXSkdKr+czkIs=",
      "dev": true,
      "optional": true,
      "requires": {
        "safer-buffer": ">= 2.1.2 < 3"
      }
    },
    "icss-utils": {
      "version": "5.1.0",
      "resolved": "https://registry.nlark.com/icss-utils/download/icss-utils-5.1.0.tgz",
      "integrity": "sha1-xr5oWKvQE9do6YNmrkfiXViHsa4=",
      "dev": true
    },
    "image-size": {
      "version": "0.5.5",
      "resolved": "https://registry.npm.taobao.org/image-size/download/image-size-0.5.5.tgz?cache=0&sync_timestamp=1618424661730&other_urls=https%3A%2F%2Fregistry.npm.taobao.org%2Fimage-size%2Fdownload%2Fimage-size-0.5.5.tgz",
      "integrity": "sha1-Cd/Uq50g4p6xw+gLiZA3jfnjy5w=",
      "dev": true,
      "optional": true
    },
    "is-what": {
      "version": "3.14.1",
      "resolved": "https://registry.nlark.com/is-what/download/is-what-3.14.1.tgz",
      "integrity": "sha1-4SIvRt3ahd6tD9HJ3xMXYOd3VcE=",
      "dev": true
    },
    "klona": {
      "version": "2.0.4",
      "resolved": "https://registry.npm.taobao.org/klona/download/klona-2.0.4.tgz",
      "integrity": "sha1-e7Hjr/sMuGJFR+9+j2cI6i4538A=",
      "dev": true
    },
    "less": {
      "version": "4.1.1",
      "resolved": "https://registry.npm.taobao.org/less/download/less-4.1.1.tgz?cache=0&other_urls=https%3A%2F%2Fregistry.npm.taobao.org%2Fless%2Fdownload%2Fless-4.1.1.tgz",
      "integrity": "sha1-Fb8lOpk5eR3GkIiMP/Qk8+bH7bo=",
      "dev": true,
      "requires": {
        "copy-anything": "^2.0.1",
        "errno": "^0.1.1",
        "graceful-fs": "^4.1.2",
        "image-size": "~0.5.0",
        "make-dir": "^2.1.0",
        "mime": "^1.4.1",
        "needle": "^2.5.2",
        "parse-node-version": "^1.0.1",
        "source-map": "~0.6.0",
        "tslib": "^1.10.0"
      }
    },
    "less-loader": {
      "version": "10.0.1",
      "resolved": "https://registry.nlark.com/less-loader/download/less-loader-10.0.1.tgz?cache=0&sync_timestamp=1625230515316&other_urls=https%3A%2F%2Fregistry.nlark.com%2Fless-loader%2Fdownload%2Fless-loader-10.0.1.tgz",
      "integrity": "sha1-wFqrpo0AQAggJ18hwq2Hy5+pkj8=",
      "dev": true,
      "requires": {
        "klona": "^2.0.4"
      }
    },
    "lru-cache": {
      "version": "6.0.0",
      "resolved": "https://registry.npm.taobao.org/lru-cache/download/lru-cache-6.0.0.tgz",
      "integrity": "sha1-bW/mVw69lqr5D8rR2vo7JWbbOpQ=",
      "dev": true,
      "requires": {
        "yallist": "^4.0.0"
      }
    },
    "make-dir": {
      "version": "2.1.0",
      "resolved": "https://registry.nlark.com/make-dir/download/make-dir-2.1.0.tgz",
      "integrity": "sha1-XwMQ4YuL6JjMBwCSlaMK5B6R5vU=",
      "dev": true,
      "optional": true,
      "requires": {
        "pify": "^4.0.1",
        "semver": "^5.6.0"
      },
      "dependencies": {
        "semver": {
          "version": "5.7.1",
          "resolved": "https://registry.nlark.com/semver/download/semver-5.7.1.tgz?cache=0&sync_timestamp=1618846864940&other_urls=https%3A%2F%2Fregistry.nlark.com%2Fsemver%2Fdownload%2Fsemver-5.7.1.tgz",
          "integrity": "sha1-qVT5Ma66UI0we78Gnv8MAclhFvc=",
          "dev": true,
          "optional": true
        }
      }
    },
    "mime": {
      "version": "1.6.0",
      "resolved": "https://registry.npm.taobao.org/mime/download/mime-1.6.0.tgz",
      "integrity": "sha1-Ms2eXGRVO9WNGaVor0Uqz/BJgbE=",
      "dev": true,
      "optional": true
    },
    "ms": {
      "version": "2.1.3",
      "resolved": "https://registry.nlark.com/ms/download/ms-2.1.3.tgz",
      "integrity": "sha1-V0yBOM4dK1hh8LRFedut1gxmFbI=",
      "dev": true,
      "optional": true
    },
    "nanoid": {
      "version": "3.1.25",
      "resolved": "https://registry.nlark.com/nanoid/download/nanoid-3.1.25.tgz?cache=0&sync_timestamp=1628771965808&other_urls=https%3A%2F%2Fregistry.nlark.com%2Fnanoid%2Fdownload%2Fnanoid-3.1.25.tgz",
      "integrity": "sha1-CcoydHwOVD8OGBS303k0d/nI4VI=",
      "dev": true
    },
    "needle": {
      "version": "2.9.1",
      "resolved": "https://registry.nlark.com/needle/download/needle-2.9.1.tgz?cache=0&sync_timestamp=1630674795023&other_urls=https%3A%2F%2Fregistry.nlark.com%2Fneedle%2Fdownload%2Fneedle-2.9.1.tgz",
      "integrity": "sha1-ItHf++NJDCuD4wH3cJtnNs2PJoQ=",
      "dev": true,
      "optional": true,
      "requires": {
        "debug": "^3.2.6",
        "iconv-lite": "^0.4.4",
        "sax": "^1.2.4"
      }
    },
    "parse-node-version": {
      "version": "1.0.1",
      "resolved": "https://registry.npm.taobao.org/parse-node-version/download/parse-node-version-1.0.1.tgz",
      "integrity": "sha1-4rXb7eAOf6m8NjYH9TMn6LBzGJs=",
      "dev": true
    },
    "pify": {
      "version": "4.0.1",
      "resolved": "https://registry.npm.taobao.org/pify/download/pify-4.0.1.tgz",
      "integrity": "sha1-SyzSXFDVmHNcUCkiJP2MbfQeMjE=",
      "dev": true,
      "optional": true
    },
    "postcss": {
      "version": "8.3.6",
      "resolved": "https://registry.nlark.com/postcss/download/postcss-8.3.6.tgz?cache=0&sync_timestamp=1626882933935&other_urls=https%3A%2F%2Fregistry.nlark.com%2Fpostcss%2Fdownload%2Fpostcss-8.3.6.tgz",
      "integrity": "sha1-JzDddql5afN/U7mmCWGXvjEcxOo=",
      "dev": true,
      "requires": {
        "colorette": "^1.2.2",
        "nanoid": "^3.1.23",
        "source-map-js": "^0.6.2"
      }
    },
    "postcss-modules-extract-imports": {
      "version": "3.0.0",
      "resolved": "https://registry.nlark.com/postcss-modules-extract-imports/download/postcss-modules-extract-imports-3.0.0.tgz",
      "integrity": "sha1-zaHwR8CugMl9vijD52pDuIAldB0=",
      "dev": true
    },
    "postcss-modules-local-by-default": {
      "version": "4.0.0",
      "resolved": "https://registry.npm.taobao.org/postcss-modules-local-by-default/download/postcss-modules-local-by-default-4.0.0.tgz?cache=0&sync_timestamp=1602587625149&other_urls=https%3A%2F%2Fregistry.npm.taobao.org%2Fpostcss-modules-local-by-default%2Fdownload%2Fpostcss-modules-local-by-default-4.0.0.tgz",
      "integrity": "sha1-67tU+uFZjuz99pGgKz/zs5ClpRw=",
      "dev": true,
      "requires": {
        "icss-utils": "^5.0.0",
        "postcss-selector-parser": "^6.0.2",
        "postcss-value-parser": "^4.1.0"
      }
    },
    "postcss-modules-scope": {
      "version": "3.0.0",
      "resolved": "https://registry.npm.taobao.org/postcss-modules-scope/download/postcss-modules-scope-3.0.0.tgz",
      "integrity": "sha1-nvMVFFbTu/oSDKRImN/Kby+gHwY=",
      "dev": true,
      "requires": {
        "postcss-selector-parser": "^6.0.4"
      }
    },
    "postcss-modules-values": {
      "version": "4.0.0",
      "resolved": "https://registry.nlark.com/postcss-modules-values/download/postcss-modules-values-4.0.0.tgz",
      "integrity": "sha1-18Xn5ow7s8myfL9Iyguz/7RgLJw=",
      "dev": true,
      "requires": {
        "icss-utils": "^5.0.0"
      }
    },
    "postcss-selector-parser": {
      "version": "6.0.6",
      "resolved": "https://registry.nlark.com/postcss-selector-parser/download/postcss-selector-parser-6.0.6.tgz?cache=0&sync_timestamp=1620752924836&other_urls=https%3A%2F%2Fregistry.nlark.com%2Fpostcss-selector-parser%2Fdownload%2Fpostcss-selector-parser-6.0.6.tgz",
      "integrity": "sha1-LFu6gXSsL2mBq2MaQqsO5UrzMuo=",
      "dev": true,
      "requires": {
        "cssesc": "^3.0.0",
        "util-deprecate": "^1.0.2"
      }
    },
    "postcss-value-parser": {
      "version": "4.1.0",
      "resolved": "https://registry.nlark.com/postcss-value-parser/download/postcss-value-parser-4.1.0.tgz",
      "integrity": "sha1-RD9qIM7WSBor2k+oUypuVdeJoss=",
      "dev": true
    },
    "prr": {
      "version": "1.0.1",
      "resolved": "https://registry.nlark.com/prr/download/prr-1.0.1.tgz",
      "integrity": "sha1-0/wRS6BplaRexok/SEzrHXj19HY=",
      "dev": true,
      "optional": true
    },
    "safer-buffer": {
      "version": "2.1.2",
      "resolved": "https://registry.nlark.com/safer-buffer/download/safer-buffer-2.1.2.tgz",
      "integrity": "sha1-RPoWGwGHuVSd2Eu5GAL5vYOFzWo=",
      "dev": true,
      "optional": true
    },
    "sax": {
      "version": "1.2.4",
      "resolved": "https://registry.nlark.com/sax/download/sax-1.2.4.tgz",
      "integrity": "sha1-KBYjTiN4vdxOU1T6tcqold9xANk=",
      "dev": true,
      "optional": true
    },
    "semver": {
      "version": "7.3.5",
      "resolved": "https://registry.nlark.com/semver/download/semver-7.3.5.tgz?cache=0&sync_timestamp=1618846864940&other_urls=https%3A%2F%2Fregistry.nlark.com%2Fsemver%2Fdownload%2Fsemver-7.3.5.tgz",
      "integrity": "sha1-C2Ich5NI2JmOSw5L6Us/EuYBjvc=",
      "dev": true,
      "requires": {
        "lru-cache": "^6.0.0"
      }
    },
    "source-map": {
      "version": "0.6.1",
      "resolved": "https://registry.nlark.com/source-map/download/source-map-0.6.1.tgz",
      "integrity": "sha1-dHIq8y6WFOnCh6jQu95IteLxomM=",
      "dev": true,
      "optional": true
    },
    "source-map-js": {
      "version": "0.6.2",
      "resolved": "https://registry.npm.taobao.org/source-map-js/download/source-map-js-0.6.2.tgz",
      "integrity": "sha1-C7XeYxtBz72mz7qL0FqA79/SOF4=",
      "dev": true
    },
    "style-loader": {
      "version": "3.2.1",
      "resolved": "https://registry.nlark.com/style-loader/download/style-loader-3.2.1.tgz?cache=0&sync_timestamp=1626796451490&other_urls=https%3A%2F%2Fregistry.nlark.com%2Fstyle-loader%2Fdownload%2Fstyle-loader-3.2.1.tgz",
      "integrity": "sha1-Y8uSDsFFyGaemlDpKWFFKh713N4=",
      "dev": true
    },
    "tslib": {
      "version": "1.14.1",
      "resolved": "https://registry.nlark.com/tslib/download/tslib-1.14.1.tgz",
      "integrity": "sha1-zy04vcNKE0vK8QkcQfZhni9nLQA=",
      "dev": true
    },
    "util-deprecate": {
      "version": "1.0.2",
      "resolved": "https://registry.npm.taobao.org/util-deprecate/download/util-deprecate-1.0.2.tgz",
      "integrity": "sha1-RQ1Nyfpw3nMnYvvS1KKJgUGaDM8=",
      "dev": true
    },
    "yallist": {
      "version": "4.0.0",
      "resolved": "https://registry.npm.taobao.org/yallist/download/yallist-4.0.0.tgz",
      "integrity": "sha1-m7knkNnA7/7GO+c1GeEaNQGaOnI=",
      "dev": true
    }
  }
}
